
Microsoft Visual Studio Solution File, Format Version 12.00
# Visual Studio Version 16
VisualStudioVersion = 16.0.32228.343
MinimumVisualStudioVersion = 10.0.40219.1
Project("{FAE04EC0-301F-11D3-BF4B-00C04F79EFBC}") = "ConsoleApp14", "ConsoleApp14\ConsoleApp14.csproj", "{F468656E-B198-4B06-9127-EEEC40F9AE96}"
EndProject
Global
	GlobalSection(SolutionConfigurationPlatforms) = preSolution
		Debug|Any CPU = Debug|Any CPU
		Release|Any CPU = Release|Any CPU
	EndGlobalSection
	GlobalSection(ProjectConfigurationPlatforms) = postSolution
		{F468656E-B198-4B06-9127-EEEC40F9AE96}.Debug|Any CPU.ActiveCfg = Debug|Any CPU
		{F468656E-B198-4B06-9127-EEEC40F9AE96}.Debug|Any CPU.Build.0 = Debug|Any CPU
		{F468656E-B198-4B06-9127-EEEC40F9AE96}.Release|Any CPU.ActiveCfg = Release|Any CPU
		{F468656E-B198-4B06-9127-EEEC40F9AE96}.Release|Any CPU.Build.0 = Release|Any CPU
	EndGlobalSection
	GlobalSection(SolutionProperties) = preSolution
		HideSolutionNode = FALSE
	EndGlobalSection
	GlobalSection(ExtensibilityGlobals) = postSolution
		SolutionGuid = {DD5BBDCB-F970-4B7C-843B-553CA90C13BA}
	EndGlobalSection
EndGlobal
